{
  "name": "testplace",
  "lockfileVersion": 3,
  "requires": true,
  "packages": {
    "": {
      "dependencies": {
        "@rbxts/pretty-vide-utils": "^0.0.5"
      }
    },
    "node_modules/@rbxts/pretty-vide-utils": {
      "version": "0.0.5",
      "resolved": "https://registry.npmjs.org/@rbxts/pretty-vide-utils/-/pretty-vide-utils-0.0.5.tgz",
      "integrity": "sha512-zPfuL7Qt5wEox9zh8XNjXnhb7SuqHtaLpPvBYPw/a8RnpIymCDhLY2J/mJUKAwTqVJxH+7opZIhw4C4MWa13bg==",
      "license": "MIT",
      "dependencies": {
        "@rbxts/ripple": "^0.9.0",
        "@rbxts/services": "^1.5.1",
        "@rbxts/set-timeout": "^1.1.2",
        "@rbxts/vide": "^0.5.0"
      }
    },
    "node_modules/@rbxts/ripple": {
      "version": "0.9.3",
      "resolved": "https://registry.npmjs.org/@rbxts/ripple/-/ripple-0.9.3.tgz",
      "integrity": "sha512-GmwjQl7a8pvGPGQYLmaAcf2RBPpneOL5P1+U8CzTHt9tBhCdk0TEJ/MQoTv9JnHD62RMBE1jogQBvuGgl9VXAg==",
      "license": "MIT"
    },
    "node_modules/@rbxts/services": {
      "version": "1.5.5",
      "resolved": "https://registry.npmjs.org/@rbxts/services/-/services-1.5.5.tgz",
      "integrity": "sha512-Hu7QH2ecefS60zpakKG3T2vgABydoOJqpSG7nXr59wFAbPk/cA+OcsntYPHUWyHAat0VFGZ5jNZLTLdiqfssvg==",
      "license": "ISC"
    },
    "node_modules/@rbxts/set-timeout": {
      "version": "1.1.2",
      "resolved": "https://registry.npmjs.org/@rbxts/set-timeout/-/set-timeout-1.1.2.tgz",
      "integrity": "sha512-P/A0IiH9wuZdSJYr4Us0MDFm61nvIFR0acfKFHLkcOsgvIgELC90Up9ugiSsaMEHRIcIcO5UjE39LuS3xTzQHw==",
      "license": "MIT",
      "dependencies": {
        "@rbxts/services": "^1.5.1"
      }
    },
    "node_modules/@rbxts/vide": {
      "version": "0.5.7",
      "resolved": "https://registry.npmjs.org/@rbxts/vide/-/vide-0.5.7.tgz",
      "integrity": "sha512-Q9R7ybzuHK1phtLicBHgAjQnlJ/dMsXDs2k296PIMLgLqK9aX/f1skOP7F1K/vo7IrSE0jCG3B3XTOtQL1Sb0Q==",
      "license": "MIT"
    }
  }
}
