# This file is automatically @generated by Wally.
# It is not intended for manual editing.
registry = "test"

[[package]]
name = "centau/vide"
version = "0.3.1"
dependencies = []

[[package]]
name = "data-oriented-house/squash"
version = "2.5.0"
dependencies = []

[[package]]
name = "evaera/promise"
version = "4.0.0"
dependencies = []

[[package]]
name = "lucasmzreal/fastsignal"
version = "10.4.0"
dependencies = []

[[package]]
name = "pengu/testplace"
version = "0.1.0"
dependencies = [["Classpp", "tenebrisnoctua/classpp@1.2.1"], ["FastSignal", "lucasmzreal/fastsignal@10.4.0"], ["Promise", "evaera/promise@4.0.0"], ["Squash", "data-oriented-house/squash@2.5.0"], ["Vide", "centau/vide@0.3.1"]]

[[package]]
name = "tenebrisnoctua/classpp"
version = "1.2.1"
dependencies = []
